{
  "name": "vtt-test-file",
  "version": "1.0.0",
  "lockfileVersion": 1,
  "requires": true,
  "dependencies": {
    "commander": {
      "version": "2.20.3",
      "resolved": "https://registry.npmjs.org/commander/-/commander-2.20.3.tgz",
      "integrity": "sha512-GpVkmM8vF2vQUkj2LvZmD35JxeJOLCwJ9cUkugyk2nuhbv3+mJvpLYYt+0+USMxE+oj+ey/lJEnhZw75x/OMcQ=="
    },
    "node-webvtt": {
      "version": "1.6.1",
      "resolved": "https://registry.npmjs.org/node-webvtt/-/node-webvtt-1.6.1.tgz",
      "integrity": "sha512-k7WC2VdrprpNuL2WIXOm8m4IGNy9DpuDFW51FB84q31nXqjpJPwcmdK1CW+lASD4/oKSgKqDfGjA2kAc//JCeQ==",
      "requires": {
        "commander": "^2.20.0"
      }
    }
  }
}
